# THIS IS AN AUTOGENERATED FILE. DO NOT EDIT THIS FILE DIRECTLY.
# yarn lockfile v1


flowbite-typography@^1.0.3:
  version "1.0.3"
  resolved "https://registry.yarnpkg.com/flowbite-typography/-/flowbite-typography-1.0.3.tgz#837f1150437af66914a7f3332d9b7a3ae2574a48"
  integrity sha512-UbdQFIIOb7xx2TS+QQrqr79B6ZSkSZurxYWzV0npth6Wns3/j7KfeDJoH9QFU+Zs7zjrvejNtyzgzWLWyCrdiA==
  dependencies:
    lodash.castarray "^4.4.0"
    lodash.isplainobject "^4.0.6"
    lodash.merge "^4.6.2"

fsevents@2.3.2:
  version "2.3.2"
  resolved "https://registry.yarnpkg.com/fsevents/-/fsevents-2.3.2.tgz#8a526f78b8fdf4623b709e0b975c52c24c02fd1a"
  integrity sha512-xiqMQR4xAeHTuB9uWm+fFRcIOgKBMiOBP+eXiyT7jsgVCq1bkVygt00oASowB7EdtpOHaaPgKt812P9ab+DDKA==

lodash.castarray@^4.4.0:
  version "4.4.0"
  resolved "https://registry.yarnpkg.com/lodash.castarray/-/lodash.castarray-4.4.0.tgz#c02513515e309daddd4c24c60cfddcf5976d9115"
  integrity sha512-aVx8ztPv7/2ULbArGJ2Y42bG1mEQ5mGjpdvrbJcJFU3TbYybe+QlLS4pst9zV52ymy2in1KpFPiZnAOATxD4+Q==

lodash.isplainobject@^4.0.6:
  version "4.0.6"
  resolved "https://registry.yarnpkg.com/lodash.isplainobject/-/lodash.isplainobject-4.0.6.tgz#7c526a52d89b45c45cc690b88163be0497f550cb"
  integrity sha512-oSXzaWypCMHkPC3NvBEaPHf0KsA5mvPrOPgQWDsbg8n7orZ290M0BmC/jgRZ4vcJ6DTAhjrsSYgdsW/F+MFOBA==

lodash.merge@^4.6.2:
  version "4.6.2"
  resolved "https://registry.yarnpkg.com/lodash.merge/-/lodash.merge-4.6.2.tgz#558aa53b43b661e1925a0afdfa36a9a1085fe57a"
  integrity sha512-0KpjqXRVvrYyCsX1swR/XTK0va6VQkQM6MNo7PqW77ByjAhoARA8EfrP1N4+KlKj8YS0ZUCtRT/YUuhyYDujIQ==

playwright-core@1.45.0:
  version "1.45.0"
  resolved "https://registry.yarnpkg.com/playwright-core/-/playwright-core-1.45.0.tgz#5741a670b7c9060ce06852c0051d84736fb94edc"
  integrity sha512-lZmHlFQ0VYSpAs43dRq1/nJ9G/6SiTI7VPqidld9TDefL9tX87bTKExWZZUF5PeRyqtXqd8fQi2qmfIedkwsNQ==

playwright@1.45.0:
  version "1.45.0"
  resolved "https://registry.yarnpkg.com/playwright/-/playwright-1.45.0.tgz#400c709c64438690f13705cb9c88ef93089c5c27"
  integrity sha512-4z3ac3plDfYzGB6r0Q3LF8POPR20Z8D0aXcxbJvmfMgSSq1hkcgvFRXJk9rUq5H/MJ0Ktal869hhOdI/zUTeLA==
  dependencies:
    playwright-core "1.45.0"
  optionalDependencies:
    fsevents "2.3.2"
